
Microsoft Visual Studio Solution File, Format Version 12.00
# Visual Studio 15
VisualStudioVersion = 15.0.34112.143
MinimumVisualStudioVersion = 10.0.40219.1
Project("{FAE04EC0-301F-11D3-BF4B-00C04F79EFBC}") = "ATM_MVVM_APP", "ATM_MVVM_APP\ATM_MVVM_APP.csproj", "{4554C11C-6F89-4374-8EAB-9A81C4118D86}"
EndProject
Global
	GlobalSection(SolutionConfigurationPlatforms) = preSolution
		Debug|Any CPU = Debug|Any CPU
		Release|Any CPU = Release|Any CPU
	EndGlobalSection
	GlobalSection(ProjectConfigurationPlatforms) = postSolution
		{4554C11C-6F89-4374-8EAB-9A81C4118D86}.Debug|Any CPU.ActiveCfg = Debug|Any CPU
		{4554C11C-6F89-4374-8EAB-9A81C4118D86}.Debug|Any CPU.Build.0 = Debug|Any CPU
		{4554C11C-6F89-4374-8EAB-9A81C4118D86}.Release|Any CPU.ActiveCfg = Release|Any CPU
		{4554C11C-6F89-4374-8EAB-9A81C4118D86}.Release|Any CPU.Build.0 = Release|Any CPU
	EndGlobalSection
	GlobalSection(SolutionProperties) = preSolution
		HideSolutionNode = FALSE
	EndGlobalSection
	GlobalSection(ExtensibilityGlobals) = postSolution
		SolutionGuid = {B4FB6158-4847-4463-8FE8-9A6D490CF23F}
	EndGlobalSection
EndGlobal
